// !$*UTF8*$!
{
	archiveVersion = 1;
	classes = {
	};
	objectVersion = 45;
	objects = {

/* Begin PBXBuildFile section */
		1D3623260D0F684500981E51 /* AsynchronityAppDelegate.m in Sources */ = {isa = PBXBuildFile; fileRef = 1D3623250D0F684500981E51 /* AsynchronityAppDelegate.m */; };
		1D60589B0D05DD56006BFB54 /* main.m in Sources */ = {isa = PBXBuildFile; fileRef = 29B97316FDCFA39411CA2CEA /* main.m */; };
		1D60589F0D05DD5A006BFB54 /* Foundation.framework in Frameworks */ = {isa = PBXBuildFile; fileRef = 1D30AB110D05D00D00671497 /* Foundation.framework */; };
		1DF5F4E00D08C38300B7A737 /* UIKit.framework in Frameworks */ = {isa = PBXBuildFile; fileRef = 1DF5F4DF0D08C38300B7A737 /* UIKit.framework */; };
		2892E4100DC94CBA00A64D0F /* CoreGraphics.framework in Frameworks */ = {isa = PBXBuildFile; fileRef = 2892E40F0DC94CBA00A64D0F /* CoreGraphics.framework */; };
		6F03D31E10446E7F00BEA64E /* MainWindow.xib in Resources */ = {isa = PBXBuildFile; fileRef = 6F03D31B10446E7F00BEA64E /* MainWindow.xib */; };
		6F48A17810B014C400203BDC /* search.json in Resources */ = {isa = PBXBuildFile; fileRef = 6F48A17710B014C400203BDC /* search.json */; };
		6FA70E0C106A8A8B00D6BAF6 /* TweetBackgroundHighlight.png in Resources */ = {isa = PBXBuildFile; fileRef = 6FA70E0B106A8A8B00D6BAF6 /* TweetBackgroundHighlight.png */; };
		6FA70E2C106A8D1A00D6BAF6 /* LoadAvatarOperation.m in Sources */ = {isa = PBXBuildFile; fileRef = 6FA70E2B106A8D1A00D6BAF6 /* LoadAvatarOperation.m */; };
		6FDB5D2F105C1B670062D4E3 /* TweetsController.m in Sources */ = {isa = PBXBuildFile; fileRef = 6FDB5D2E105C1B670062D4E3 /* TweetsController.m */; };
		6FDB5D33105C1BA00062D4E3 /* Tweets.xib in Resources */ = {isa = PBXBuildFile; fileRef = 6FDB5D32105C1BA00062D4E3 /* Tweets.xib */; };
		6FDB5DCE105C286B0062D4E3 /* CDataScanner.m in Sources */ = {isa = PBXBuildFile; fileRef = 6FDB5DBF105C286B0062D4E3 /* CDataScanner.m */; };
		6FDB5DCF105C286B0062D4E3 /* CDataScanner_Extensions.m in Sources */ = {isa = PBXBuildFile; fileRef = 6FDB5DC2105C286B0062D4E3 /* CDataScanner_Extensions.m */; };
		6FDB5DD0105C286B0062D4E3 /* NSCharacterSet_Extensions.m in Sources */ = {isa = PBXBuildFile; fileRef = 6FDB5DC4105C286B0062D4E3 /* NSCharacterSet_Extensions.m */; };
		6FDB5DD1105C286B0062D4E3 /* NSDictionary_JSONExtensions.m in Sources */ = {isa = PBXBuildFile; fileRef = 6FDB5DC6105C286B0062D4E3 /* NSDictionary_JSONExtensions.m */; };
		6FDB5DD2105C286B0062D4E3 /* CJSONDeserializer.m in Sources */ = {isa = PBXBuildFile; fileRef = 6FDB5DC9105C286B0062D4E3 /* CJSONDeserializer.m */; };
		6FDB5DD3105C286B0062D4E3 /* CJSONScanner.m in Sources */ = {isa = PBXBuildFile; fileRef = 6FDB5DCB105C286B0062D4E3 /* CJSONScanner.m */; };
		6FDB5DD4105C286B0062D4E3 /* CJSONSerializer.m in Sources */ = {isa = PBXBuildFile; fileRef = 6FDB5DCD105C286B0062D4E3 /* CJSONSerializer.m */; };
		6FDB5E14105C2CB30062D4E3 /* CFNetwork.framework in Frameworks */ = {isa = PBXBuildFile; fileRef = 6FDB5E13105C2CB30062D4E3 /* CFNetwork.framework */; };
		6FDB5E16105C2CC20062D4E3 /* SystemConfiguration.framework in Frameworks */ = {isa = PBXBuildFile; fileRef = 6FDB5E15105C2CC20062D4E3 /* SystemConfiguration.framework */; };
		6FDB5E18105C2CD30062D4E3 /* libz.1.2.3.dylib in Frameworks */ = {isa = PBXBuildFile; fileRef = 6FDB5E17105C2CD30062D4E3 /* libz.1.2.3.dylib */; };
		6FDB5EAE105C334B0062D4E3 /* Tweet.m in Sources */ = {isa = PBXBuildFile; fileRef = 6FDB5EAD105C334B0062D4E3 /* Tweet.m */; };
		6FFFC7DB10695F9F00BEC51B /* TweetCell.m in Sources */ = {isa = PBXBuildFile; fileRef = 6FFFC7D910695F9F00BEC51B /* TweetCell.m */; };
		6FFFC7FA106963DB00BEC51B /* TweetBackground.png in Resources */ = {isa = PBXBuildFile; fileRef = 6FFFC7F9106963DB00BEC51B /* TweetBackground.png */; };
		6FFFC7FC106963E600BEC51B /* README in Resources */ = {isa = PBXBuildFile; fileRef = 6FFFC7FB106963E600BEC51B /* README */; };
		6FFFC88410696CBD00BEC51B /* TweetCell.xib in Resources */ = {isa = PBXBuildFile; fileRef = 6FFFC88310696CBD00BEC51B /* TweetCell.xib */; };
/* End PBXBuildFile section */

/* Begin PBXFileReference section */
		1D30AB110D05D00D00671497 /* Foundation.framework */ = {isa = PBXFileReference; lastKnownFileType = wrapper.framework; name = Foundation.framework; path = System/Library/Frameworks/Foundation.framework; sourceTree = SDKROOT; };
		1D3623240D0F684500981E51 /* AsynchronityAppDelegate.h */ = {isa = PBXFileReference; fileEncoding = 4; lastKnownFileType = sourcecode.c.h; path = AsynchronityAppDelegate.h; sourceTree = "<group>"; };
		1D3623250D0F684500981E51 /* AsynchronityAppDelegate.m */ = {isa = PBXFileReference; fileEncoding = 4; lastKnownFileType = sourcecode.c.objc; path = AsynchronityAppDelegate.m; sourceTree = "<group>"; };
		1D6058910D05DD3D006BFB54 /* Asynchronity.app */ = {isa = PBXFileReference; explicitFileType = wrapper.application; includeInIndex = 0; path = Asynchronity.app; sourceTree = BUILT_PRODUCTS_DIR; };
		1DF5F4DF0D08C38300B7A737 /* UIKit.framework */ = {isa = PBXFileReference; lastKnownFileType = wrapper.framework; name = UIKit.framework; path = System/Library/Frameworks/UIKit.framework; sourceTree = SDKROOT; };
		2892E40F0DC94CBA00A64D0F /* CoreGraphics.framework */ = {isa = PBXFileReference; lastKnownFileType = wrapper.framework; name = CoreGraphics.framework; path = System/Library/Frameworks/CoreGraphics.framework; sourceTree = SDKROOT; };
		28A0AAE50D9B0CCF005BE974 /* Asynchronity_Prefix.pch */ = {isa = PBXFileReference; fileEncoding = 4; lastKnownFileType = sourcecode.c.h; path = Asynchronity_Prefix.pch; sourceTree = "<group>"; };
		29B97316FDCFA39411CA2CEA /* main.m */ = {isa = PBXFileReference; fileEncoding = 4; lastKnownFileType = sourcecode.c.objc; path = main.m; sourceTree = "<group>"; };
		6F03D31B10446E7F00BEA64E /* MainWindow.xib */ = {isa = PBXFileReference; lastKnownFileType = file.xib; name = MainWindow.xib; path = IBFiles/MainWindow.xib; sourceTree = "<group>"; };
		6F48A17710B014C400203BDC /* search.json */ = {isa = PBXFileReference; fileEncoding = 4; lastKnownFileType = text; name = search.json; path = Data/search.json; sourceTree = "<group>"; };
		6FA70E0B106A8A8B00D6BAF6 /* TweetBackgroundHighlight.png */ = {isa = PBXFileReference; lastKnownFileType = image.png; name = TweetBackgroundHighlight.png; path = Images/TweetBackgroundHighlight.png; sourceTree = "<group>"; };
		6FA70E2A106A8D1A00D6BAF6 /* LoadAvatarOperation.h */ = {isa = PBXFileReference; fileEncoding = 4; lastKnownFileType = sourcecode.c.h; path = LoadAvatarOperation.h; sourceTree = "<group>"; };
		6FA70E2B106A8D1A00D6BAF6 /* LoadAvatarOperation.m */ = {isa = PBXFileReference; fileEncoding = 4; lastKnownFileType = sourcecode.c.objc; path = LoadAvatarOperation.m; sourceTree = "<group>"; };
		6FDB5D2D105C1B670062D4E3 /* TweetsController.h */ = {isa = PBXFileReference; fileEncoding = 4; lastKnownFileType = sourcecode.c.h; path = TweetsController.h; sourceTree = "<group>"; };
		6FDB5D2E105C1B670062D4E3 /* TweetsController.m */ = {isa = PBXFileReference; fileEncoding = 4; lastKnownFileType = sourcecode.c.objc; path = TweetsController.m; sourceTree = "<group>"; };
		6FDB5D32105C1BA00062D4E3 /* Tweets.xib */ = {isa = PBXFileReference; lastKnownFileType = file.xib; name = Tweets.xib; path = IBFiles/Tweets.xib; sourceTree = "<group>"; };
		6FDB5DBE105C286B0062D4E3 /* CDataScanner.h */ = {isa = PBXFileReference; fileEncoding = 4; lastKnownFileType = sourcecode.c.h; path = CDataScanner.h; sourceTree = "<group>"; };
		6FDB5DBF105C286B0062D4E3 /* CDataScanner.m */ = {isa = PBXFileReference; fileEncoding = 4; lastKnownFileType = sourcecode.c.objc; path = CDataScanner.m; sourceTree = "<group>"; };
		6FDB5DC1105C286B0062D4E3 /* CDataScanner_Extensions.h */ = {isa = PBXFileReference; fileEncoding = 4; lastKnownFileType = sourcecode.c.h; path = CDataScanner_Extensions.h; sourceTree = "<group>"; };
		6FDB5DC2105C286B0062D4E3 /* CDataScanner_Extensions.m */ = {isa = PBXFileReference; fileEncoding = 4; lastKnownFileType = sourcecode.c.objc; path = CDataScanner_Extensions.m; sourceTree = "<group>"; };
		6FDB5DC3105C286B0062D4E3 /* NSCharacterSet_Extensions.h */ = {isa = PBXFileReference; fileEncoding = 4; lastKnownFileType = sourcecode.c.h; path = NSCharacterSet_Extensions.h; sourceTree = "<group>"; };
		6FDB5DC4105C286B0062D4E3 /* NSCharacterSet_Extensions.m */ = {isa = PBXFileReference; fileEncoding = 4; lastKnownFileType = sourcecode.c.objc; path = NSCharacterSet_Extensions.m; sourceTree = "<group>"; };
		6FDB5DC5105C286B0062D4E3 /* NSDictionary_JSONExtensions.h */ = {isa = PBXFileReference; fileEncoding = 4; lastKnownFileType = sourcecode.c.h; path = NSDictionary_JSONExtensions.h; sourceTree = "<group>"; };
		6FDB5DC6105C286B0062D4E3 /* NSDictionary_JSONExtensions.m */ = {isa = PBXFileReference; fileEncoding = 4; lastKnownFileType = sourcecode.c.objc; path = NSDictionary_JSONExtensions.m; sourceTree = "<group>"; };
		6FDB5DC8105C286B0062D4E3 /* CJSONDeserializer.h */ = {isa = PBXFileReference; fileEncoding = 4; lastKnownFileType = sourcecode.c.h; path = CJSONDeserializer.h; sourceTree = "<group>"; };
		6FDB5DC9105C286B0062D4E3 /* CJSONDeserializer.m */ = {isa = PBXFileReference; fileEncoding = 4; lastKnownFileType = sourcecode.c.objc; path = CJSONDeserializer.m; sourceTree = "<group>"; };
		6FDB5DCA105C286B0062D4E3 /* CJSONScanner.h */ = {isa = PBXFileReference; fileEncoding = 4; lastKnownFileType = sourcecode.c.h; path = CJSONScanner.h; sourceTree = "<group>"; };
		6FDB5DCB105C286B0062D4E3 /* CJSONScanner.m */ = {isa = PBXFileReference; fileEncoding = 4; lastKnownFileType = sourcecode.c.objc; path = CJSONScanner.m; sourceTree = "<group>"; };
		6FDB5DCC105C286B0062D4E3 /* CJSONSerializer.h */ = {isa = PBXFileReference; fileEncoding = 4; lastKnownFileType = sourcecode.c.h; path = CJSONSerializer.h; sourceTree = "<group>"; };
		6FDB5DCD105C286B0062D4E3 /* CJSONSerializer.m */ = {isa = PBXFileReference; fileEncoding = 4; lastKnownFileType = sourcecode.c.objc; path = CJSONSerializer.m; sourceTree = "<group>"; };
		6FDB5E13105C2CB30062D4E3 /* CFNetwork.framework */ = {isa = PBXFileReference; lastKnownFileType = wrapper.framework; name = CFNetwork.framework; path = System/Library/Frameworks/CFNetwork.framework; sourceTree = SDKROOT; };
		6FDB5E15105C2CC20062D4E3 /* SystemConfiguration.framework */ = {isa = PBXFileReference; lastKnownFileType = wrapper.framework; name = SystemConfiguration.framework; path = System/Library/Frameworks/SystemConfiguration.framework; sourceTree = SDKROOT; };
		6FDB5E17105C2CD30062D4E3 /* libz.1.2.3.dylib */ = {isa = PBXFileReference; lastKnownFileType = "compiled.mach-o.dylib"; name = libz.1.2.3.dylib; path = usr/lib/libz.1.2.3.dylib; sourceTree = SDKROOT; };
		6FDB5EAC105C334B0062D4E3 /* Tweet.h */ = {isa = PBXFileReference; fileEncoding = 4; lastKnownFileType = sourcecode.c.h; path = Tweet.h; sourceTree = "<group>"; };
		6FDB5EAD105C334B0062D4E3 /* Tweet.m */ = {isa = PBXFileReference; fileEncoding = 4; lastKnownFileType = sourcecode.c.objc; path = Tweet.m; sourceTree = "<group>"; };
		6FFFC7D810695F9F00BEC51B /* TweetCell.h */ = {isa = PBXFileReference; fileEncoding = 4; lastKnownFileType = sourcecode.c.h; path = TweetCell.h; sourceTree = "<group>"; };
		6FFFC7D910695F9F00BEC51B /* TweetCell.m */ = {isa = PBXFileReference; fileEncoding = 4; lastKnownFileType = sourcecode.c.objc; path = TweetCell.m; sourceTree = "<group>"; };
		6FFFC7F9106963DB00BEC51B /* TweetBackground.png */ = {isa = PBXFileReference; lastKnownFileType = image.png; name = TweetBackground.png; path = Images/TweetBackground.png; sourceTree = "<group>"; };
		6FFFC7FB106963E600BEC51B /* README */ = {isa = PBXFileReference; fileEncoding = 4; lastKnownFileType = text; path = README; sourceTree = "<group>"; };
		6FFFC88310696CBD00BEC51B /* TweetCell.xib */ = {isa = PBXFileReference; lastKnownFileType = file.xib; name = TweetCell.xib; path = IBFiles/TweetCell.xib; sourceTree = "<group>"; };
		8D1107310486CEB800E47090 /* Asynchronity-Info.plist */ = {isa = PBXFileReference; fileEncoding = 4; lastKnownFileType = text.plist.xml; path = "Asynchronity-Info.plist"; plistStructureDefinitionIdentifier = "com.apple.xcode.plist.structure-definition.iphone.info-plist"; sourceTree = "<group>"; };
/* End PBXFileReference section */

/* Begin PBXFrameworksBuildPhase section */
		1D60588F0D05DD3D006BFB54 /* Frameworks */ = {
			isa = PBXFrameworksBuildPhase;
			buildActionMask = 2147483647;
			files = (
				1D60589F0D05DD5A006BFB54 /* Foundation.framework in Frameworks */,
				1DF5F4E00D08C38300B7A737 /* UIKit.framework in Frameworks */,
				2892E4100DC94CBA00A64D0F /* CoreGraphics.framework in Frameworks */,
				6FDB5E14105C2CB30062D4E3 /* CFNetwork.framework in Frameworks */,
				6FDB5E16105C2CC20062D4E3 /* SystemConfiguration.framework in Frameworks */,
				6FDB5E18105C2CD30062D4E3 /* libz.1.2.3.dylib in Frameworks */,
			);
			runOnlyForDeploymentPostprocessing = 0;
		};
/* End PBXFrameworksBuildPhase section */

/* Begin PBXGroup section */
		080E96DDFE201D6D7F000001 /* Classes */ = {
			isa = PBXGroup;
			children = (
				6FDB5DBD105C286B0062D4E3 /* TouchJSON */,
				6FFFC7E010695FC000BEC51B /* Model */,
				6FFFC7E210695FDB00BEC51B /* Controller */,
				6FFFC7E110695FCF00BEC51B /* View */,
			);
			path = Classes;
			sourceTree = "<group>";
		};
		19C28FACFE9D520D11CA2CBB /* Products */ = {
			isa = PBXGroup;
			children = (
				1D6058910D05DD3D006BFB54 /* Asynchronity.app */,
			);
			name = Products;
			sourceTree = "<group>";
		};
		29B97314FDCFA39411CA2CEA /* CustomTemplate */ = {
			isa = PBXGroup;
			children = (
				080E96DDFE201D6D7F000001 /* Classes */,
				29B97317FDCFA39411CA2CEA /* Resources */,
				29B97315FDCFA39411CA2CEA /* Other Sources */,
				29B97323FDCFA39411CA2CEA /* Frameworks */,
				19C28FACFE9D520D11CA2CBB /* Products */,
			);
			name = CustomTemplate;
			sourceTree = "<group>";
		};
		29B97315FDCFA39411CA2CEA /* Other Sources */ = {
			isa = PBXGroup;
			children = (
				28A0AAE50D9B0CCF005BE974 /* Asynchronity_Prefix.pch */,
				29B97316FDCFA39411CA2CEA /* main.m */,
			);
			name = "Other Sources";
			sourceTree = "<group>";
		};
		29B97317FDCFA39411CA2CEA /* Resources */ = {
			isa = PBXGroup;
			children = (
				6FFFC86210696C4300BEC51B /* IBFiles */,
				6FFFC7F8106963D000BEC51B /* Images */,
				8D1107310486CEB800E47090 /* Asynchronity-Info.plist */,
				6FFFC7FB106963E600BEC51B /* README */,
				6F48A17710B014C400203BDC /* search.json */,
			);
			name = Resources;
			sourceTree = "<group>";
		};
		29B97323FDCFA39411CA2CEA /* Frameworks */ = {
			isa = PBXGroup;
			children = (
				1DF5F4DF0D08C38300B7A737 /* UIKit.framework */,
				1D30AB110D05D00D00671497 /* Foundation.framework */,
				2892E40F0DC94CBA00A64D0F /* CoreGraphics.framework */,
				6FDB5E13105C2CB30062D4E3 /* CFNetwork.framework */,
				6FDB5E15105C2CC20062D4E3 /* SystemConfiguration.framework */,
				6FDB5E17105C2CD30062D4E3 /* libz.1.2.3.dylib */,
			);
			name = Frameworks;
			sourceTree = "<group>";
		};
		6FDB5DBD105C286B0062D4E3 /* TouchJSON */ = {
			isa = PBXGroup;
			children = (
				6FDB5DC0105C286B0062D4E3 /* Extensions */,
				6FDB5DC7105C286B0062D4E3 /* JSON */,
				6FDB5DBE105C286B0062D4E3 /* CDataScanner.h */,
				6FDB5DBF105C286B0062D4E3 /* CDataScanner.m */,
			);
			path = TouchJSON;
			sourceTree = "<group>";
		};
		6FDB5DC0105C286B0062D4E3 /* Extensions */ = {
			isa = PBXGroup;
			children = (
				6FDB5DC1105C286B0062D4E3 /* CDataScanner_Extensions.h */,
				6FDB5DC2105C286B0062D4E3 /* CDataScanner_Extensions.m */,
				6FDB5DC3105C286B0062D4E3 /* NSCharacterSet_Extensions.h */,
				6FDB5DC4105C286B0062D4E3 /* NSCharacterSet_Extensions.m */,
				6FDB5DC5105C286B0062D4E3 /* NSDictionary_JSONExtensions.h */,
				6FDB5DC6105C286B0062D4E3 /* NSDictionary_JSONExtensions.m */,
			);
			path = Extensions;
			sourceTree = "<group>";
		};
		6FDB5DC7105C286B0062D4E3 /* JSON */ = {
			isa = PBXGroup;
			children = (
				6FDB5DC8105C286B0062D4E3 /* CJSONDeserializer.h */,
				6FDB5DC9105C286B0062D4E3 /* CJSONDeserializer.m */,
				6FDB5DCA105C286B0062D4E3 /* CJSONScanner.h */,
				6FDB5DCB105C286B0062D4E3 /* CJSONScanner.m */,
				6FDB5DCC105C286B0062D4E3 /* CJSONSerializer.h */,
				6FDB5DCD105C286B0062D4E3 /* CJSONSerializer.m */,
			);
			path = JSON;
			sourceTree = "<group>";
		};
		6FFFC7E010695FC000BEC51B /* Model */ = {
			isa = PBXGroup;
			children = (
				6FDB5EAC105C334B0062D4E3 /* Tweet.h */,
				6FDB5EAD105C334B0062D4E3 /* Tweet.m */,
				6FA70E2A106A8D1A00D6BAF6 /* LoadAvatarOperation.h */,
				6FA70E2B106A8D1A00D6BAF6 /* LoadAvatarOperation.m */,
			);
			name = Model;
			sourceTree = "<group>";
		};
		6FFFC7E110695FCF00BEC51B /* View */ = {
			isa = PBXGroup;
			children = (
				6FFFC7D810695F9F00BEC51B /* TweetCell.h */,
				6FFFC7D910695F9F00BEC51B /* TweetCell.m */,
			);
			name = View;
			sourceTree = "<group>";
		};
		6FFFC7E210695FDB00BEC51B /* Controller */ = {
			isa = PBXGroup;
			children = (
				1D3623240D0F684500981E51 /* AsynchronityAppDelegate.h */,
				1D3623250D0F684500981E51 /* AsynchronityAppDelegate.m */,
				6FDB5D2D105C1B670062D4E3 /* TweetsController.h */,
				6FDB5D2E105C1B670062D4E3 /* TweetsController.m */,
			);
			name = Controller;
			sourceTree = "<group>";
		};
		6FFFC7F8106963D000BEC51B /* Images */ = {
			isa = PBXGroup;
			children = (
				6FFFC7F9106963DB00BEC51B /* TweetBackground.png */,
				6FA70E0B106A8A8B00D6BAF6 /* TweetBackgroundHighlight.png */,
			);
			name = Images;
			sourceTree = "<group>";
		};
		6FFFC86210696C4300BEC51B /* IBFiles */ = {
			isa = PBXGroup;
			children = (
				6F03D31B10446E7F00BEA64E /* MainWindow.xib */,
				6FDB5D32105C1BA00062D4E3 /* Tweets.xib */,
				6FFFC88310696CBD00BEC51B /* TweetCell.xib */,
			);
			name = IBFiles;
			sourceTree = "<group>";
		};
/* End PBXGroup section */

/* Begin PBXNativeTarget section */
		1D6058900D05DD3D006BFB54 /* Asynchronity */ = {
			isa = PBXNativeTarget;
			buildConfigurationList = 1D6058960D05DD3E006BFB54 /* Build configuration list for PBXNativeTarget "Asynchronity" */;
			buildPhases = (
				1D60588D0D05DD3D006BFB54 /* Resources */,
				1D60588E0D05DD3D006BFB54 /* Sources */,
				1D60588F0D05DD3D006BFB54 /* Frameworks */,
			);
			buildRules = (
			);
			dependencies = (
			);
			name = Asynchronity;
			productName = Asynchronity;
			productReference = 1D6058910D05DD3D006BFB54 /* Asynchronity.app */;
			productType = "com.apple.product-type.application";
		};
/* End PBXNativeTarget section */

/* Begin PBXProject section */
		29B97313FDCFA39411CA2CEA /* Project object */ = {
			isa = PBXProject;
			buildConfigurationList = C01FCF4E08A954540054247B /* Build configuration list for PBXProject "Asynchronity" */;
			compatibilityVersion = "Xcode 3.1";
			hasScannedForEncodings = 1;
			knownRegions = (
				English,
				Japanese,
				French,
				German,
				en,
			);
			mainGroup = 29B97314FDCFA39411CA2CEA /* CustomTemplate */;
			projectDirPath = "";
			projectRoot = "";
			targets = (
				1D6058900D05DD3D006BFB54 /* Asynchronity */,
			);
		};
/* End PBXProject section */

/* Begin PBXResourcesBuildPhase section */
		1D60588D0D05DD3D006BFB54 /* Resources */ = {
			isa = PBXResourcesBuildPhase;
			buildActionMask = 2147483647;
			files = (
				6F03D31E10446E7F00BEA64E /* MainWindow.xib in Resources */,
				6FDB5D33105C1BA00062D4E3 /* Tweets.xib in Resources */,
				6FFFC7FA106963DB00BEC51B /* TweetBackground.png in Resources */,
				6FFFC7FC106963E600BEC51B /* README in Resources */,
				6FFFC88410696CBD00BEC51B /* TweetCell.xib in Resources */,
				6FA70E0C106A8A8B00D6BAF6 /* TweetBackgroundHighlight.png in Resources */,
				6F48A17810B014C400203BDC /* search.json in Resources */,
			);
			runOnlyForDeploymentPostprocessing = 0;
		};
/* End PBXResourcesBuildPhase section */

/* Begin PBXSourcesBuildPhase section */
		1D60588E0D05DD3D006BFB54 /* Sources */ = {
			isa = PBXSourcesBuildPhase;
			buildActionMask = 2147483647;
			files = (
				1D60589B0D05DD56006BFB54 /* main.m in Sources */,
				1D3623260D0F684500981E51 /* AsynchronityAppDelegate.m in Sources */,
				6FDB5D2F105C1B670062D4E3 /* TweetsController.m in Sources */,
				6FDB5DCE105C286B0062D4E3 /* CDataScanner.m in Sources */,
				6FDB5DCF105C286B0062D4E3 /* CDataScanner_Extensions.m in Sources */,
				6FDB5DD0105C286B0062D4E3 /* NSCharacterSet_Extensions.m in Sources */,
				6FDB5DD1105C286B0062D4E3 /* NSDictionary_JSONExtensions.m in Sources */,
				6FDB5DD2105C286B0062D4E3 /* CJSONDeserializer.m in Sources */,
				6FDB5DD3105C286B0062D4E3 /* CJSONScanner.m in Sources */,
				6FDB5DD4105C286B0062D4E3 /* CJSONSerializer.m in Sources */,
				6FDB5EAE105C334B0062D4E3 /* Tweet.m in Sources */,
				6FFFC7DB10695F9F00BEC51B /* TweetCell.m in Sources */,
				6FA70E2C106A8D1A00D6BAF6 /* LoadAvatarOperation.m in Sources */,
			);
			runOnlyForDeploymentPostprocessing = 0;
		};
/* End PBXSourcesBuildPhase section */

/* Begin XCBuildConfiguration section */
		1D6058940D05DD3E006BFB54 /* Debug */ = {
			isa = XCBuildConfiguration;
			buildSettings = {
				ALWAYS_SEARCH_USER_PATHS = NO;
				COPY_PHASE_STRIP = NO;
				GCC_DYNAMIC_NO_PIC = NO;
				GCC_OPTIMIZATION_LEVEL = 0;
				GCC_PRECOMPILE_PREFIX_HEADER = YES;
				GCC_PREFIX_HEADER = Asynchronity_Prefix.pch;
				INFOPLIST_FILE = "Asynchronity-Info.plist";
				PRODUCT_NAME = Asynchronity;
			};
			name = Debug;
		};
		1D6058950D05DD3E006BFB54 /* Release */ = {
			isa = XCBuildConfiguration;
			buildSettings = {
				ALWAYS_SEARCH_USER_PATHS = NO;
				COPY_PHASE_STRIP = YES;
				GCC_PRECOMPILE_PREFIX_HEADER = YES;
				GCC_PREFIX_HEADER = Asynchronity_Prefix.pch;
				INFOPLIST_FILE = "Asynchronity-Info.plist";
				PRODUCT_NAME = Asynchronity;
			};
			name = Release;
		};
		C01FCF4F08A954540054247B /* Debug */ = {
			isa = XCBuildConfiguration;
			buildSettings = {
				ARCHS = "$(ARCHS_STANDARD_32_BIT)";
				"CODE_SIGN_IDENTITY[sdk=iphoneos*]" = "iPhone Developer";
				GCC_C_LANGUAGE_STANDARD = c99;
				GCC_VERSION = com.apple.compilers.llvmgcc42;
				GCC_WARN_ABOUT_RETURN_TYPE = YES;
				GCC_WARN_UNUSED_VARIABLE = YES;
				PREBINDING = NO;
				RUN_CLANG_STATIC_ANALYZER = NO;
				SDKROOT = iphoneos3.0;
			};
			name = Debug;
		};
		C01FCF5008A954540054247B /* Release */ = {
			isa = XCBuildConfiguration;
			buildSettings = {
				ARCHS = "$(ARCHS_STANDARD_32_BIT)";
				"CODE_SIGN_IDENTITY[sdk=iphoneos*]" = "iPhone Developer";
				GCC_C_LANGUAGE_STANDARD = c99;
				GCC_WARN_ABOUT_RETURN_TYPE = YES;
				GCC_WARN_UNUSED_VARIABLE = YES;
				PREBINDING = NO;
				SDKROOT = iphoneos3.0;
			};
			name = Release;
		};
/* End XCBuildConfiguration section */

/* Begin XCConfigurationList section */
		1D6058960D05DD3E006BFB54 /* Build configuration list for PBXNativeTarget "Asynchronity" */ = {
			isa = XCConfigurationList;
			buildConfigurations = (
				1D6058940D05DD3E006BFB54 /* Debug */,
				1D6058950D05DD3E006BFB54 /* Release */,
			);
			defaultConfigurationIsVisible = 0;
			defaultConfigurationName = Release;
		};
		C01FCF4E08A954540054247B /* Build configuration list for PBXProject "Asynchronity" */ = {
			isa = XCConfigurationList;
			buildConfigurations = (
				C01FCF4F08A954540054247B /* Debug */,
				C01FCF5008A954540054247B /* Release */,
			);
			defaultConfigurationIsVisible = 0;
			defaultConfigurationName = Release;
		};
/* End XCConfigurationList section */
	};
	rootObject = 29B97313FDCFA39411CA2CEA /* Project object */;
}
